
Microsoft Visual Studio Solution File, Format Version 12.00
# Visual Studio Version 17
VisualStudioVersion = 17.0.31903.59
MinimumVisualStudioVersion = 10.0.40219.1
Project("{2150E333-8FDC-42A3-9474-1A3956D46DE8}") = "src", "src", "{827E0CD3-B72D-47B6-A68D-7590B98EB39B}"
EndProject
Project("{FAE04EC0-301F-11D3-BF4B-00C04F79EFBC}") = "AssetValueAnalyzer.Web", "src\AssetValueAnalyzer.Web\AssetValueAnalyzer.Web.csproj", "{10CAF954-1053-4ACA-816C-C67128982BBC}"
EndProject
Project("{FAE04EC0-301F-11D3-BF4B-00C04F79EFBC}") = "AssetValueAnalyzer.Domain", "src\AssetValueAnalyzer.Domain\AssetValueAnalyzer.Domain.csproj", "{2A9751B9-419E-4363-A56B-D76507636AAD}"
EndProject
Project("{FAE04EC0-301F-11D3-BF4B-00C04F79EFBC}") = "AssetValueAnalyzer.Application", "src\AssetValueAnalyzer.Application\AssetValueAnalyzer.Application.csproj", "{2B47F3C3-61D5-4079-A860-9EA17914967B}"
EndProject
Project("{FAE04EC0-301F-11D3-BF4B-00C04F79EFBC}") = "AssetValueAnalyzer.Infrastructure", "src\AssetValueAnalyzer.Infrastructure\AssetValueAnalyzer.Infrastructure.csproj", "{F16DCA98-2EDC-4284-AF39-932FC344E1F1}"
EndProject
Project("{FAE04EC0-301F-11D3-BF4B-00C04F79EFBC}") = "AssetValueAnalyzer.Api", "src\AssetValueAnalyzer.Api\AssetValueAnalyzer.Api.csproj", "{8DA7A3C9-407B-412F-BFA6-905339797723}"
EndProject
Project("{2150E333-8FDC-42A3-9474-1A3956D46DE8}") = "tests", "tests", "{0AB3BF05-4346-4AA6-1389-037BE0695223}"
EndProject
Project("{FAE04EC0-301F-11D3-BF4B-00C04F79EFBC}") = "AssetValueAnalyzer.UnitTests", "tests\AssetValueAnalyzer.UnitTests\AssetValueAnalyzer.UnitTests.csproj", "{38B7AC94-51B9-4EEC-B996-C25A205542D4}"
EndProject
Project("{FAE04EC0-301F-11D3-BF4B-00C04F79EFBC}") = "AssetValueAnalyzer.IntegrationTests", "tests\AssetValueAnalyzer.IntegrationTests\AssetValueAnalyzer.IntegrationTests.csproj", "{739B3139-F811-4B17-91DB-F07CB70EE9CE}"
EndProject
Global
	GlobalSection(SolutionConfigurationPlatforms) = preSolution
		Debug|Any CPU = Debug|Any CPU
		Debug|x64 = Debug|x64
		Debug|x86 = Debug|x86
		Release|Any CPU = Release|Any CPU
		Release|x64 = Release|x64
		Release|x86 = Release|x86
	EndGlobalSection
	GlobalSection(ProjectConfigurationPlatforms) = postSolution
		{10CAF954-1053-4ACA-816C-C67128982BBC}.Debug|Any CPU.ActiveCfg = Debug|Any CPU
		{10CAF954-1053-4ACA-816C-C67128982BBC}.Debug|Any CPU.Build.0 = Debug|Any CPU
		{10CAF954-1053-4ACA-816C-C67128982BBC}.Debug|x64.ActiveCfg = Debug|Any CPU
		{10CAF954-1053-4ACA-816C-C67128982BBC}.Debug|x64.Build.0 = Debug|Any CPU
		{10CAF954-1053-4ACA-816C-C67128982BBC}.Debug|x86.ActiveCfg = Debug|Any CPU
		{10CAF954-1053-4ACA-816C-C67128982BBC}.Debug|x86.Build.0 = Debug|Any CPU
		{10CAF954-1053-4ACA-816C-C67128982BBC}.Release|Any CPU.ActiveCfg = Release|Any CPU
		{10CAF954-1053-4ACA-816C-C67128982BBC}.Release|Any CPU.Build.0 = Release|Any CPU
		{10CAF954-1053-4ACA-816C-C67128982BBC}.Release|x64.ActiveCfg = Release|Any CPU
		{10CAF954-1053-4ACA-816C-C67128982BBC}.Release|x64.Build.0 = Release|Any CPU
		{10CAF954-1053-4ACA-816C-C67128982BBC}.Release|x86.ActiveCfg = Release|Any CPU
		{10CAF954-1053-4ACA-816C-C67128982BBC}.Release|x86.Build.0 = Release|Any CPU
		{2A9751B9-419E-4363-A56B-D76507636AAD}.Debug|Any CPU.ActiveCfg = Debug|Any CPU
		{2A9751B9-419E-4363-A56B-D76507636AAD}.Debug|Any CPU.Build.0 = Debug|Any CPU
		{2A9751B9-419E-4363-A56B-D76507636AAD}.Debug|x64.ActiveCfg = Debug|Any CPU
		{2A9751B9-419E-4363-A56B-D76507636AAD}.Debug|x64.Build.0 = Debug|Any CPU
		{2A9751B9-419E-4363-A56B-D76507636AAD}.Debug|x86.ActiveCfg = Debug|Any CPU
		{2A9751B9-419E-4363-A56B-D76507636AAD}.Debug|x86.Build.0 = Debug|Any CPU
		{2A9751B9-419E-4363-A56B-D76507636AAD}.Release|Any CPU.ActiveCfg = Release|Any CPU
		{2A9751B9-419E-4363-A56B-D76507636AAD}.Release|Any CPU.Build.0 = Release|Any CPU
		{2A9751B9-419E-4363-A56B-D76507636AAD}.Release|x64.ActiveCfg = Release|Any CPU
		{2A9751B9-419E-4363-A56B-D76507636AAD}.Release|x64.Build.0 = Release|Any CPU
		{2A9751B9-419E-4363-A56B-D76507636AAD}.Release|x86.ActiveCfg = Release|Any CPU
		{2A9751B9-419E-4363-A56B-D76507636AAD}.Release|x86.Build.0 = Release|Any CPU
		{2B47F3C3-61D5-4079-A860-9EA17914967B}.Debug|Any CPU.ActiveCfg = Debug|Any CPU
		{2B47F3C3-61D5-4079-A860-9EA17914967B}.Debug|Any CPU.Build.0 = Debug|Any CPU
		{2B47F3C3-61D5-4079-A860-9EA17914967B}.Debug|x64.ActiveCfg = Debug|Any CPU
		{2B47F3C3-61D5-4079-A860-9EA17914967B}.Debug|x64.Build.0 = Debug|Any CPU
		{2B47F3C3-61D5-4079-A860-9EA17914967B}.Debug|x86.ActiveCfg = Debug|Any CPU
		{2B47F3C3-61D5-4079-A860-9EA17914967B}.Debug|x86.Build.0 = Debug|Any CPU
		{2B47F3C3-61D5-4079-A860-9EA17914967B}.Release|Any CPU.ActiveCfg = Release|Any CPU
		{2B47F3C3-61D5-4079-A860-9EA17914967B}.Release|Any CPU.Build.0 = Release|Any CPU
		{2B47F3C3-61D5-4079-A860-9EA17914967B}.Release|x64.ActiveCfg = Release|Any CPU
		{2B47F3C3-61D5-4079-A860-9EA17914967B}.Release|x64.Build.0 = Release|Any CPU
		{2B47F3C3-61D5-4079-A860-9EA17914967B}.Release|x86.ActiveCfg = Release|Any CPU
		{2B47F3C3-61D5-4079-A860-9EA17914967B}.Release|x86.Build.0 = Release|Any CPU
		{F16DCA98-2EDC-4284-AF39-932FC344E1F1}.Debug|Any CPU.ActiveCfg = Debug|Any CPU
		{F16DCA98-2EDC-4284-AF39-932FC344E1F1}.Debug|Any CPU.Build.0 = Debug|Any CPU
		{F16DCA98-2EDC-4284-AF39-932FC344E1F1}.Debug|x64.ActiveCfg = Debug|Any CPU
		{F16DCA98-2EDC-4284-AF39-932FC344E1F1}.Debug|x64.Build.0 = Debug|Any CPU
		{F16DCA98-2EDC-4284-AF39-932FC344E1F1}.Debug|x86.ActiveCfg = Debug|Any CPU
		{F16DCA98-2EDC-4284-AF39-932FC344E1F1}.Debug|x86.Build.0 = Debug|Any CPU
		{F16DCA98-2EDC-4284-AF39-932FC344E1F1}.Release|Any CPU.ActiveCfg = Release|Any CPU
		{F16DCA98-2EDC-4284-AF39-932FC344E1F1}.Release|Any CPU.Build.0 = Release|Any CPU
		{F16DCA98-2EDC-4284-AF39-932FC344E1F1}.Release|x64.ActiveCfg = Release|Any CPU
		{F16DCA98-2EDC-4284-AF39-932FC344E1F1}.Release|x64.Build.0 = Release|Any CPU
		{F16DCA98-2EDC-4284-AF39-932FC344E1F1}.Release|x86.ActiveCfg = Release|Any CPU
		{F16DCA98-2EDC-4284-AF39-932FC344E1F1}.Release|x86.Build.0 = Release|Any CPU
		{8DA7A3C9-407B-412F-BFA6-905339797723}.Debug|Any CPU.ActiveCfg = Debug|Any CPU
		{8DA7A3C9-407B-412F-BFA6-905339797723}.Debug|Any CPU.Build.0 = Debug|Any CPU
		{8DA7A3C9-407B-412F-BFA6-905339797723}.Debug|x64.ActiveCfg = Debug|Any CPU
		{8DA7A3C9-407B-412F-BFA6-905339797723}.Debug|x64.Build.0 = Debug|Any CPU
		{8DA7A3C9-407B-412F-BFA6-905339797723}.Debug|x86.ActiveCfg = Debug|Any CPU
		{8DA7A3C9-407B-412F-BFA6-905339797723}.Debug|x86.Build.0 = Debug|Any CPU
		{8DA7A3C9-407B-412F-BFA6-905339797723}.Release|Any CPU.ActiveCfg = Release|Any CPU
		{8DA7A3C9-407B-412F-BFA6-905339797723}.Release|Any CPU.Build.0 = Release|Any CPU
		{8DA7A3C9-407B-412F-BFA6-905339797723}.Release|x64.ActiveCfg = Release|Any CPU
		{8DA7A3C9-407B-412F-BFA6-905339797723}.Release|x64.Build.0 = Release|Any CPU
		{8DA7A3C9-407B-412F-BFA6-905339797723}.Release|x86.ActiveCfg = Release|Any CPU
		{8DA7A3C9-407B-412F-BFA6-905339797723}.Release|x86.Build.0 = Release|Any CPU
		{38B7AC94-51B9-4EEC-B996-C25A205542D4}.Debug|Any CPU.ActiveCfg = Debug|Any CPU
		{38B7AC94-51B9-4EEC-B996-C25A205542D4}.Debug|Any CPU.Build.0 = Debug|Any CPU
		{38B7AC94-51B9-4EEC-B996-C25A205542D4}.Debug|x64.ActiveCfg = Debug|Any CPU
		{38B7AC94-51B9-4EEC-B996-C25A205542D4}.Debug|x64.Build.0 = Debug|Any CPU
		{38B7AC94-51B9-4EEC-B996-C25A205542D4}.Debug|x86.ActiveCfg = Debug|Any CPU
		{38B7AC94-51B9-4EEC-B996-C25A205542D4}.Debug|x86.Build.0 = Debug|Any CPU
		{38B7AC94-51B9-4EEC-B996-C25A205542D4}.Release|Any CPU.ActiveCfg = Release|Any CPU
		{38B7AC94-51B9-4EEC-B996-C25A205542D4}.Release|Any CPU.Build.0 = Release|Any CPU
		{38B7AC94-51B9-4EEC-B996-C25A205542D4}.Release|x64.ActiveCfg = Release|Any CPU
		{38B7AC94-51B9-4EEC-B996-C25A205542D4}.Release|x64.Build.0 = Release|Any CPU
		{38B7AC94-51B9-4EEC-B996-C25A205542D4}.Release|x86.ActiveCfg = Release|Any CPU
		{38B7AC94-51B9-4EEC-B996-C25A205542D4}.Release|x86.Build.0 = Release|Any CPU
		{739B3139-F811-4B17-91DB-F07CB70EE9CE}.Debug|Any CPU.ActiveCfg = Debug|Any CPU
		{739B3139-F811-4B17-91DB-F07CB70EE9CE}.Debug|Any CPU.Build.0 = Debug|Any CPU
		{739B3139-F811-4B17-91DB-F07CB70EE9CE}.Debug|x64.ActiveCfg = Debug|Any CPU
		{739B3139-F811-4B17-91DB-F07CB70EE9CE}.Debug|x64.Build.0 = Debug|Any CPU
		{739B3139-F811-4B17-91DB-F07CB70EE9CE}.Debug|x86.ActiveCfg = Debug|Any CPU
		{739B3139-F811-4B17-91DB-F07CB70EE9CE}.Debug|x86.Build.0 = Debug|Any CPU
		{739B3139-F811-4B17-91DB-F07CB70EE9CE}.Release|Any CPU.ActiveCfg = Release|Any CPU
		{739B3139-F811-4B17-91DB-F07CB70EE9CE}.Release|Any CPU.Build.0 = Release|Any CPU
		{739B3139-F811-4B17-91DB-F07CB70EE9CE}.Release|x64.ActiveCfg = Release|Any CPU
		{739B3139-F811-4B17-91DB-F07CB70EE9CE}.Release|x64.Build.0 = Release|Any CPU
		{739B3139-F811-4B17-91DB-F07CB70EE9CE}.Release|x86.ActiveCfg = Release|Any CPU
		{739B3139-F811-4B17-91DB-F07CB70EE9CE}.Release|x86.Build.0 = Release|Any CPU
	EndGlobalSection
	GlobalSection(SolutionProperties) = preSolution
		HideSolutionNode = FALSE
	EndGlobalSection
	GlobalSection(NestedProjects) = preSolution
		{10CAF954-1053-4ACA-816C-C67128982BBC} = {827E0CD3-B72D-47B6-A68D-7590B98EB39B}
		{2A9751B9-419E-4363-A56B-D76507636AAD} = {827E0CD3-B72D-47B6-A68D-7590B98EB39B}
		{2B47F3C3-61D5-4079-A860-9EA17914967B} = {827E0CD3-B72D-47B6-A68D-7590B98EB39B}
		{F16DCA98-2EDC-4284-AF39-932FC344E1F1} = {827E0CD3-B72D-47B6-A68D-7590B98EB39B}
		{8DA7A3C9-407B-412F-BFA6-905339797723} = {827E0CD3-B72D-47B6-A68D-7590B98EB39B}
		{38B7AC94-51B9-4EEC-B996-C25A205542D4} = {0AB3BF05-4346-4AA6-1389-037BE0695223}
		{739B3139-F811-4B17-91DB-F07CB70EE9CE} = {0AB3BF05-4346-4AA6-1389-037BE0695223}
	EndGlobalSection
EndGlobal
